
Microsoft Visual Studio Solution File, Format Version 11.00
# Visual Studio 2010
Project("{FAE04EC0-301F-11D3-BF4B-00C04F79EFBC}") = "Assembly-CSharp-firstpass", "Assembly-CSharp-firstpass.csproj", "{80cc8f4f-ea69-e657-0aac-0462a1736adf}"
EndProject
Project("{FAE04EC0-301F-11D3-BF4B-00C04F79EFBC}") = "UnityEngine.TestRunner", "UnityEngine.TestRunner.csproj", "{edcef0f1-c8a6-6968-9a4a-3f05332bc15c}"
EndProject
Project("{FAE04EC0-301F-11D3-BF4B-00C04F79EFBC}") = "Unity.Mathematics", "Unity.Mathematics.csproj", "{159cfb13-dbe3-8aa8-36bc-6ca69ca328d3}"
EndProject
Project("{FAE04EC0-301F-11D3-BF4B-00C04F79EFBC}") = "Unity.Timeline", "Unity.Timeline.csproj", "{4fee118e-48af-2521-7259-f6e9938a4386}"
EndProject
Project("{FAE04EC0-301F-11D3-BF4B-00C04F79EFBC}") = "UnityEngine.UI", "UnityEngine.UI.csproj", "{f601add0-4dba-d405-d75d-26cf67e72ed6}"
EndProject
Project("{FAE04EC0-301F-11D3-BF4B-00C04F79EFBC}") = "Sirenix.OdinInspector.CompatibilityLayer", "Sirenix.OdinInspector.CompatibilityLayer.csproj", "{250082d1-1954-0761-bb37-d3384b70dd3c}"
EndProject
Project("{FAE04EC0-301F-11D3-BF4B-00C04F79EFBC}") = "Assembly-CSharp", "Assembly-CSharp.csproj", "{4b738677-489d-351d-ec8d-c248b131a2f6}"
EndProject
Project("{FAE04EC0-301F-11D3-BF4B-00C04F79EFBC}") = "UnityEditor.TestRunner", "UnityEditor.TestRunner.csproj", "{f4e4fd48-7966-6ce7-683c-5557de1505f5}"
EndProject
Project("{FAE04EC0-301F-11D3-BF4B-00C04F79EFBC}") = "Unity.PlasticSCM.Editor", "Unity.PlasticSCM.Editor.csproj", "{dca80933-09db-dd63-aa76-a41359837920}"
EndProject
Project("{FAE04EC0-301F-11D3-BF4B-00C04F79EFBC}") = "UnityEditor.UI", "UnityEditor.UI.csproj", "{fb52da75-36ab-b5fb-3f3d-5b6b18617c3c}"
EndProject
Project("{FAE04EC0-301F-11D3-BF4B-00C04F79EFBC}") = "Unity.Services.Core.Editor", "Unity.Services.Core.Editor.csproj", "{53b94447-ccc6-625d-81bc-e35649d0a078}"
EndProject
Project("{FAE04EC0-301F-11D3-BF4B-00C04F79EFBC}") = "Unity.Timeline.Editor", "Unity.Timeline.Editor.csproj", "{1c0b27f0-eac3-5419-d6c2-1e47b3c6d7d8}"
EndProject
Project("{FAE04EC0-301F-11D3-BF4B-00C04F79EFBC}") = "Unity.VisualStudio.Editor", "Unity.VisualStudio.Editor.csproj", "{da2c786a-a133-2354-b650-8038bac444e0}"
EndProject
Project("{FAE04EC0-301F-11D3-BF4B-00C04F79EFBC}") = "Unity.CollabProxy.Editor", "Unity.CollabProxy.Editor.csproj", "{3ee70448-d2d7-e171-6415-30dc6379a438}"
EndProject
Project("{FAE04EC0-301F-11D3-BF4B-00C04F79EFBC}") = "Assembly-CSharp-Editor-firstpass", "Assembly-CSharp-Editor-firstpass.csproj", "{3f4fe784-6043-e17f-de3f-bd9d4329e8af}"
EndProject
Project("{FAE04EC0-301F-11D3-BF4B-00C04F79EFBC}") = "Unity.Rider.Editor", "Unity.Rider.Editor.csproj", "{15fc412a-ac57-7cf1-6197-49add67a9f39}"
EndProject
Project("{FAE04EC0-301F-11D3-BF4B-00C04F79EFBC}") = "Sirenix.OdinInspector.CompatibilityLayer.Editor", "Sirenix.OdinInspector.CompatibilityLayer.Editor.csproj", "{772910b6-6b97-416f-334e-706c8ae25833}"
EndProject
Project("{FAE04EC0-301F-11D3-BF4B-00C04F79EFBC}") = "Unity.Mathematics.Editor", "Unity.Mathematics.Editor.csproj", "{6282a645-fb32-a386-3710-7c7e99aa8c94}"
EndProject
Project("{FAE04EC0-301F-11D3-BF4B-00C04F79EFBC}") = "Sirenix.OdinInspector.Modules.UnityMathematics", "Sirenix.OdinInspector.Modules.UnityMathematics.csproj", "{c54f30f9-2764-564a-c8c3-5b11a80fdc4a}"
EndProject
Global
	GlobalSection(SolutionConfigurationPlatforms) = preSolution
		Debug|Any CPU = Debug|Any CPU
		Release|Any CPU = Release|Any CPU
	EndGlobalSection
	GlobalSection(ProjectConfigurationPlatforms) = postSolution
		{80cc8f4f-ea69-e657-0aac-0462a1736adf}.Debug|Any CPU.ActiveCfg = Debug|Any CPU
		{80cc8f4f-ea69-e657-0aac-0462a1736adf}.Debug|Any CPU.Build.0 = Debug|Any CPU
		{80cc8f4f-ea69-e657-0aac-0462a1736adf}.Release|Any CPU.ActiveCfg = Release|Any CPU
		{80cc8f4f-ea69-e657-0aac-0462a1736adf}.Release|Any CPU.Build.0 = Release|Any CPU
		{edcef0f1-c8a6-6968-9a4a-3f05332bc15c}.Debug|Any CPU.ActiveCfg = Debug|Any CPU
		{edcef0f1-c8a6-6968-9a4a-3f05332bc15c}.Debug|Any CPU.Build.0 = Debug|Any CPU
		{edcef0f1-c8a6-6968-9a4a-3f05332bc15c}.Release|Any CPU.ActiveCfg = Release|Any CPU
		{edcef0f1-c8a6-6968-9a4a-3f05332bc15c}.Release|Any CPU.Build.0 = Release|Any CPU
		{159cfb13-dbe3-8aa8-36bc-6ca69ca328d3}.Debug|Any CPU.ActiveCfg = Debug|Any CPU
		{159cfb13-dbe3-8aa8-36bc-6ca69ca328d3}.Debug|Any CPU.Build.0 = Debug|Any CPU
		{159cfb13-dbe3-8aa8-36bc-6ca69ca328d3}.Release|Any CPU.ActiveCfg = Release|Any CPU
		{159cfb13-dbe3-8aa8-36bc-6ca69ca328d3}.Release|Any CPU.Build.0 = Release|Any CPU
		{4fee118e-48af-2521-7259-f6e9938a4386}.Debug|Any CPU.ActiveCfg = Debug|Any CPU
		{4fee118e-48af-2521-7259-f6e9938a4386}.Debug|Any CPU.Build.0 = Debug|Any CPU
		{4fee118e-48af-2521-7259-f6e9938a4386}.Release|Any CPU.ActiveCfg = Release|Any CPU
		{4fee118e-48af-2521-7259-f6e9938a4386}.Release|Any CPU.Build.0 = Release|Any CPU
		{f601add0-4dba-d405-d75d-26cf67e72ed6}.Debug|Any CPU.ActiveCfg = Debug|Any CPU
		{f601add0-4dba-d405-d75d-26cf67e72ed6}.Debug|Any CPU.Build.0 = Debug|Any CPU
		{f601add0-4dba-d405-d75d-26cf67e72ed6}.Release|Any CPU.ActiveCfg = Release|Any CPU
		{f601add0-4dba-d405-d75d-26cf67e72ed6}.Release|Any CPU.Build.0 = Release|Any CPU
		{250082d1-1954-0761-bb37-d3384b70dd3c}.Debug|Any CPU.ActiveCfg = Debug|Any CPU
		{250082d1-1954-0761-bb37-d3384b70dd3c}.Debug|Any CPU.Build.0 = Debug|Any CPU
		{250082d1-1954-0761-bb37-d3384b70dd3c}.Release|Any CPU.ActiveCfg = Release|Any CPU
		{250082d1-1954-0761-bb37-d3384b70dd3c}.Release|Any CPU.Build.0 = Release|Any CPU
		{4b738677-489d-351d-ec8d-c248b131a2f6}.Debug|Any CPU.ActiveCfg = Debug|Any CPU
		{4b738677-489d-351d-ec8d-c248b131a2f6}.Debug|Any CPU.Build.0 = Debug|Any CPU
		{4b738677-489d-351d-ec8d-c248b131a2f6}.Release|Any CPU.ActiveCfg = Release|Any CPU
		{4b738677-489d-351d-ec8d-c248b131a2f6}.Release|Any CPU.Build.0 = Release|Any CPU
		{f4e4fd48-7966-6ce7-683c-5557de1505f5}.Debug|Any CPU.ActiveCfg = Debug|Any CPU
		{f4e4fd48-7966-6ce7-683c-5557de1505f5}.Debug|Any CPU.Build.0 = Debug|Any CPU
		{f4e4fd48-7966-6ce7-683c-5557de1505f5}.Release|Any CPU.ActiveCfg = Release|Any CPU
		{f4e4fd48-7966-6ce7-683c-5557de1505f5}.Release|Any CPU.Build.0 = Release|Any CPU
		{dca80933-09db-dd63-aa76-a41359837920}.Debug|Any CPU.ActiveCfg = Debug|Any CPU
		{dca80933-09db-dd63-aa76-a41359837920}.Debug|Any CPU.Build.0 = Debug|Any CPU
		{dca80933-09db-dd63-aa76-a41359837920}.Release|Any CPU.ActiveCfg = Release|Any CPU
		{dca80933-09db-dd63-aa76-a41359837920}.Release|Any CPU.Build.0 = Release|Any CPU
		{fb52da75-36ab-b5fb-3f3d-5b6b18617c3c}.Debug|Any CPU.ActiveCfg = Debug|Any CPU
		{fb52da75-36ab-b5fb-3f3d-5b6b18617c3c}.Debug|Any CPU.Build.0 = Debug|Any CPU
		{fb52da75-36ab-b5fb-3f3d-5b6b18617c3c}.Release|Any CPU.ActiveCfg = Release|Any CPU
		{fb52da75-36ab-b5fb-3f3d-5b6b18617c3c}.Release|Any CPU.Build.0 = Release|Any CPU
		{53b94447-ccc6-625d-81bc-e35649d0a078}.Debug|Any CPU.ActiveCfg = Debug|Any CPU
		{53b94447-ccc6-625d-81bc-e35649d0a078}.Debug|Any CPU.Build.0 = Debug|Any CPU
		{53b94447-ccc6-625d-81bc-e35649d0a078}.Release|Any CPU.ActiveCfg = Release|Any CPU
		{53b94447-ccc6-625d-81bc-e35649d0a078}.Release|Any CPU.Build.0 = Release|Any CPU
		{1c0b27f0-eac3-5419-d6c2-1e47b3c6d7d8}.Debug|Any CPU.ActiveCfg = Debug|Any CPU
		{1c0b27f0-eac3-5419-d6c2-1e47b3c6d7d8}.Debug|Any CPU.Build.0 = Debug|Any CPU
		{1c0b27f0-eac3-5419-d6c2-1e47b3c6d7d8}.Release|Any CPU.ActiveCfg = Release|Any CPU
		{1c0b27f0-eac3-5419-d6c2-1e47b3c6d7d8}.Release|Any CPU.Build.0 = Release|Any CPU
		{da2c786a-a133-2354-b650-8038bac444e0}.Debug|Any CPU.ActiveCfg = Debug|Any CPU
		{da2c786a-a133-2354-b650-8038bac444e0}.Debug|Any CPU.Build.0 = Debug|Any CPU
		{da2c786a-a133-2354-b650-8038bac444e0}.Release|Any CPU.ActiveCfg = Release|Any CPU
		{da2c786a-a133-2354-b650-8038bac444e0}.Release|Any CPU.Build.0 = Release|Any CPU
		{3ee70448-d2d7-e171-6415-30dc6379a438}.Debug|Any CPU.ActiveCfg = Debug|Any CPU
		{3ee70448-d2d7-e171-6415-30dc6379a438}.Debug|Any CPU.Build.0 = Debug|Any CPU
		{3ee70448-d2d7-e171-6415-30dc6379a438}.Release|Any CPU.ActiveCfg = Release|Any CPU
		{3ee70448-d2d7-e171-6415-30dc6379a438}.Release|Any CPU.Build.0 = Release|Any CPU
		{3f4fe784-6043-e17f-de3f-bd9d4329e8af}.Debug|Any CPU.ActiveCfg = Debug|Any CPU
		{3f4fe784-6043-e17f-de3f-bd9d4329e8af}.Debug|Any CPU.Build.0 = Debug|Any CPU
		{3f4fe784-6043-e17f-de3f-bd9d4329e8af}.Release|Any CPU.ActiveCfg = Release|Any CPU
		{3f4fe784-6043-e17f-de3f-bd9d4329e8af}.Release|Any CPU.Build.0 = Release|Any CPU
		{15fc412a-ac57-7cf1-6197-49add67a9f39}.Debug|Any CPU.ActiveCfg = Debug|Any CPU
		{15fc412a-ac57-7cf1-6197-49add67a9f39}.Debug|Any CPU.Build.0 = Debug|Any CPU
		{15fc412a-ac57-7cf1-6197-49add67a9f39}.Release|Any CPU.ActiveCfg = Release|Any CPU
		{15fc412a-ac57-7cf1-6197-49add67a9f39}.Release|Any CPU.Build.0 = Release|Any CPU
		{772910b6-6b97-416f-334e-706c8ae25833}.Debug|Any CPU.ActiveCfg = Debug|Any CPU
		{772910b6-6b97-416f-334e-706c8ae25833}.Debug|Any CPU.Build.0 = Debug|Any CPU
		{772910b6-6b97-416f-334e-706c8ae25833}.Release|Any CPU.ActiveCfg = Release|Any CPU
		{772910b6-6b97-416f-334e-706c8ae25833}.Release|Any CPU.Build.0 = Release|Any CPU
		{6282a645-fb32-a386-3710-7c7e99aa8c94}.Debug|Any CPU.ActiveCfg = Debug|Any CPU
		{6282a645-fb32-a386-3710-7c7e99aa8c94}.Debug|Any CPU.Build.0 = Debug|Any CPU
		{6282a645-fb32-a386-3710-7c7e99aa8c94}.Release|Any CPU.ActiveCfg = Release|Any CPU
		{6282a645-fb32-a386-3710-7c7e99aa8c94}.Release|Any CPU.Build.0 = Release|Any CPU
		{c54f30f9-2764-564a-c8c3-5b11a80fdc4a}.Debug|Any CPU.ActiveCfg = Debug|Any CPU
		{c54f30f9-2764-564a-c8c3-5b11a80fdc4a}.Debug|Any CPU.Build.0 = Debug|Any CPU
		{c54f30f9-2764-564a-c8c3-5b11a80fdc4a}.Release|Any CPU.ActiveCfg = Release|Any CPU
		{c54f30f9-2764-564a-c8c3-5b11a80fdc4a}.Release|Any CPU.Build.0 = Release|Any CPU
	EndGlobalSection
	GlobalSection(SolutionProperties) = preSolution
		HideSolutionNode = FALSE
	EndGlobalSection
EndGlobal
